{
  "version": "4",
  "specifiers": {
    "jsr:@std/fs@^1.0.6": "1.0.6",
    "jsr:@std/path@^1.0.8": "1.0.8",
    "jsr:@std/semver@^1.0.3": "1.0.3"
  },
  "jsr": {
    "@std/fs@1.0.6": {
      "integrity": "42b56e1e41b75583a21d5a37f6a6a27de9f510bcd36c0c85791d685ca0b85fa2",
      "dependencies": [
        "jsr:@std/path"
      ]
    },
    "@std/path@1.0.8": {
      "integrity": "548fa456bb6a04d3c1a1e7477986b6cffbce95102d0bb447c67c4ee70e0364be"
    },
    "@std/semver@1.0.3": {
      "integrity": "7c139c6076a080eeaa4252c78b95ca5302818d7eafab0470d34cafd9930c13c8"
    }
  },
  "workspace": {
    "dependencies": [
      "jsr:@std/fs@^1.0.6",
      "jsr:@std/semver@^1.0.3"
    ]
  }
}
